
Microsoft Visual Studio Solution File, Format Version 12.00
# Visual Studio 15
VisualStudioVersion = 15.0.27703.2047
MinimumVisualStudioVersion = 10.0.40219.1
Project("{FAE04EC0-301F-11D3-BF4B-00C04F79EFBC}") = "Ejercicio1", "Ejercicio1\Ejercicio1.csproj", "{CB1DB85F-D3E4-4E36-AECA-DDF44D77DE17}"
EndProject
Project("{FAE04EC0-301F-11D3-BF4B-00C04F79EFBC}") = "Ejercicio3", "Ejercicio3\Ejercicio3.csproj", "{25699DC1-D497-464F-9D88-1A4FAF06848D}"
EndProject
Project("{FAE04EC0-301F-11D3-BF4B-00C04F79EFBC}") = "Ejercicio4", "Ejercicio4\Ejercicio4.csproj", "{2AA7C0A8-319C-4D04-947F-7E9233498D5E}"
EndProject
Project("{FAE04EC0-301F-11D3-BF4B-00C04F79EFBC}") = "Ejercicio6", "Ejercicio5\Ejercicio6.csproj", "{69F83CAD-7769-4DF7-875A-188987118B2F}"
EndProject
Project("{FAE04EC0-301F-11D3-BF4B-00C04F79EFBC}") = "Ejercicio7", "Ejercicio7\Ejercicio7.csproj", "{5BF7AEC5-3FBE-445E-B806-4B96933F5FDA}"
EndProject
Project("{FAE04EC0-301F-11D3-BF4B-00C04F79EFBC}") = "ejercico11", "ejercico10\ejercico11.csproj", "{A398E191-AA2A-48B3-86D1-7A6C8A4D29B3}"
EndProject
Project("{FAE04EC0-301F-11D3-BF4B-00C04F79EFBC}") = "ejercicio12", "ejercicio12\ejercicio12.csproj", "{4ADBE2A9-4F4B-485A-B30F-1E7EFFE7BFDC}"
EndProject
Project("{FAE04EC0-301F-11D3-BF4B-00C04F79EFBC}") = "Ejercicio13", "Ejercicio13\Ejercicio13.csproj", "{206E61ED-AD5C-4464-9E75-9B70A5C05006}"
EndProject
Project("{FAE04EC0-301F-11D3-BF4B-00C04F79EFBC}") = "Ejercicio14", "Ejercicio14\Ejercicio14.csproj", "{1964ECB8-1F11-4A66-9516-E49E8CA92A6D}"
EndProject
Project("{FAE04EC0-301F-11D3-BF4B-00C04F79EFBC}") = "Ejercicio15", "Ejercicio15\Ejercicio15.csproj", "{50222515-78FD-4DFF-AA57-7BFF29801D04}"
EndProject
Project("{FAE04EC0-301F-11D3-BF4B-00C04F79EFBC}") = "16Ejercicio", "16Ejercicio\16Ejercicio.csproj", "{F69AB3B4-DC56-43A7-B8E7-35746ABFF2E4}"
EndProject
Project("{FAE04EC0-301F-11D3-BF4B-00C04F79EFBC}") = "17Ejercicio", "17Ejercicio\17Ejercicio.csproj", "{2FDCB291-DA95-4C08-9A71-16D0C93DB8B3}"
EndProject
Project("{FAE04EC0-301F-11D3-BF4B-00C04F79EFBC}") = "19Ejercicio", "19Ejercicio\19Ejercicio.csproj", "{3DDE2619-1A32-46D7-8F13-306932CF0CB6}"
EndProject
Project("{FAE04EC0-301F-11D3-BF4B-00C04F79EFBC}") = "19Ejerrcicio", "19Ejerrcicio\19Ejerrcicio.csproj", "{70FE2062-AFCF-4CA6-820C-8F37144E7671}"
EndProject
Project("{FAE04EC0-301F-11D3-BF4B-00C04F79EFBC}") = "20Ejercicio", "20Ejercicio\20Ejercicio.csproj", "{A8410C3C-5AEF-4409-BD7A-7C67D336A734}"
EndProject
Project("{FAE04EC0-301F-11D3-BF4B-00C04F79EFBC}") = "26Ejercicio", "26Ejercicio\26Ejercicio.csproj", "{9E64F7DC-D33A-4064-B8AE-923AA968D65D}"
EndProject
Project("{FAE04EC0-301F-11D3-BF4B-00C04F79EFBC}") = "27Ejercicio", "27Ejercicio\27Ejercicio.csproj", "{49983513-FE25-4534-B095-3D8705A22B34}"
EndProject
Project("{FAE04EC0-301F-11D3-BF4B-00C04F79EFBC}") = "28Forms", "28Forms\28Forms.csproj", "{F0D1ADB9-4DFB-46DE-9E50-E8FCC55C214B}"
EndProject
Project("{FAE04EC0-301F-11D3-BF4B-00C04F79EFBC}") = "29Bibl", "29Bibl\29Bibl.csproj", "{32EEC292-26AF-402B-88C8-6A6807A87956}"
EndProject
Project("{FAE04EC0-301F-11D3-BF4B-00C04F79EFBC}") = "29Program", "29Program\29Program.csproj", "{0382904C-B115-4C5B-ADFF-57BA02B75261}"
EndProject
Project("{FAE04EC0-301F-11D3-BF4B-00C04F79EFBC}") = "31Biblio", "31Biblio\31Biblio.csproj", "{25DD59A4-E585-4FCD-9DF3-D01EEA9B2E2F}"
EndProject
Global
	GlobalSection(SolutionConfigurationPlatforms) = preSolution
		Debug|Any CPU = Debug|Any CPU
		Release|Any CPU = Release|Any CPU
	EndGlobalSection
	GlobalSection(ProjectConfigurationPlatforms) = postSolution
		{CB1DB85F-D3E4-4E36-AECA-DDF44D77DE17}.Debug|Any CPU.ActiveCfg = Debug|Any CPU
		{CB1DB85F-D3E4-4E36-AECA-DDF44D77DE17}.Debug|Any CPU.Build.0 = Debug|Any CPU
		{CB1DB85F-D3E4-4E36-AECA-DDF44D77DE17}.Release|Any CPU.ActiveCfg = Release|Any CPU
		{CB1DB85F-D3E4-4E36-AECA-DDF44D77DE17}.Release|Any CPU.Build.0 = Release|Any CPU
		{25699DC1-D497-464F-9D88-1A4FAF06848D}.Debug|Any CPU.ActiveCfg = Debug|Any CPU
		{25699DC1-D497-464F-9D88-1A4FAF06848D}.Debug|Any CPU.Build.0 = Debug|Any CPU
		{25699DC1-D497-464F-9D88-1A4FAF06848D}.Release|Any CPU.ActiveCfg = Release|Any CPU
		{25699DC1-D497-464F-9D88-1A4FAF06848D}.Release|Any CPU.Build.0 = Release|Any CPU
		{2AA7C0A8-319C-4D04-947F-7E9233498D5E}.Debug|Any CPU.ActiveCfg = Debug|Any CPU
		{2AA7C0A8-319C-4D04-947F-7E9233498D5E}.Debug|Any CPU.Build.0 = Debug|Any CPU
		{2AA7C0A8-319C-4D04-947F-7E9233498D5E}.Release|Any CPU.ActiveCfg = Release|Any CPU
		{2AA7C0A8-319C-4D04-947F-7E9233498D5E}.Release|Any CPU.Build.0 = Release|Any CPU
		{69F83CAD-7769-4DF7-875A-188987118B2F}.Debug|Any CPU.ActiveCfg = Debug|Any CPU
		{69F83CAD-7769-4DF7-875A-188987118B2F}.Debug|Any CPU.Build.0 = Debug|Any CPU
		{69F83CAD-7769-4DF7-875A-188987118B2F}.Release|Any CPU.ActiveCfg = Release|Any CPU
		{69F83CAD-7769-4DF7-875A-188987118B2F}.Release|Any CPU.Build.0 = Release|Any CPU
		{5BF7AEC5-3FBE-445E-B806-4B96933F5FDA}.Debug|Any CPU.ActiveCfg = Debug|Any CPU
		{5BF7AEC5-3FBE-445E-B806-4B96933F5FDA}.Debug|Any CPU.Build.0 = Debug|Any CPU
		{5BF7AEC5-3FBE-445E-B806-4B96933F5FDA}.Release|Any CPU.ActiveCfg = Release|Any CPU
		{5BF7AEC5-3FBE-445E-B806-4B96933F5FDA}.Release|Any CPU.Build.0 = Release|Any CPU
		{A398E191-AA2A-48B3-86D1-7A6C8A4D29B3}.Debug|Any CPU.ActiveCfg = Debug|Any CPU
		{A398E191-AA2A-48B3-86D1-7A6C8A4D29B3}.Debug|Any CPU.Build.0 = Debug|Any CPU
		{A398E191-AA2A-48B3-86D1-7A6C8A4D29B3}.Release|Any CPU.ActiveCfg = Release|Any CPU
		{A398E191-AA2A-48B3-86D1-7A6C8A4D29B3}.Release|Any CPU.Build.0 = Release|Any CPU
		{4ADBE2A9-4F4B-485A-B30F-1E7EFFE7BFDC}.Debug|Any CPU.ActiveCfg = Debug|Any CPU
		{4ADBE2A9-4F4B-485A-B30F-1E7EFFE7BFDC}.Debug|Any CPU.Build.0 = Debug|Any CPU
		{4ADBE2A9-4F4B-485A-B30F-1E7EFFE7BFDC}.Release|Any CPU.ActiveCfg = Release|Any CPU
		{4ADBE2A9-4F4B-485A-B30F-1E7EFFE7BFDC}.Release|Any CPU.Build.0 = Release|Any CPU
		{206E61ED-AD5C-4464-9E75-9B70A5C05006}.Debug|Any CPU.ActiveCfg = Debug|Any CPU
		{206E61ED-AD5C-4464-9E75-9B70A5C05006}.Debug|Any CPU.Build.0 = Debug|Any CPU
		{206E61ED-AD5C-4464-9E75-9B70A5C05006}.Release|Any CPU.ActiveCfg = Release|Any CPU
		{206E61ED-AD5C-4464-9E75-9B70A5C05006}.Release|Any CPU.Build.0 = Release|Any CPU
		{1964ECB8-1F11-4A66-9516-E49E8CA92A6D}.Debug|Any CPU.ActiveCfg = Debug|Any CPU
		{1964ECB8-1F11-4A66-9516-E49E8CA92A6D}.Debug|Any CPU.Build.0 = Debug|Any CPU
		{1964ECB8-1F11-4A66-9516-E49E8CA92A6D}.Release|Any CPU.ActiveCfg = Release|Any CPU
		{1964ECB8-1F11-4A66-9516-E49E8CA92A6D}.Release|Any CPU.Build.0 = Release|Any CPU
		{50222515-78FD-4DFF-AA57-7BFF29801D04}.Debug|Any CPU.ActiveCfg = Debug|Any CPU
		{50222515-78FD-4DFF-AA57-7BFF29801D04}.Debug|Any CPU.Build.0 = Debug|Any CPU
		{50222515-78FD-4DFF-AA57-7BFF29801D04}.Release|Any CPU.ActiveCfg = Release|Any CPU
		{50222515-78FD-4DFF-AA57-7BFF29801D04}.Release|Any CPU.Build.0 = Release|Any CPU
		{F69AB3B4-DC56-43A7-B8E7-35746ABFF2E4}.Debug|Any CPU.ActiveCfg = Debug|Any CPU
		{F69AB3B4-DC56-43A7-B8E7-35746ABFF2E4}.Debug|Any CPU.Build.0 = Debug|Any CPU
		{F69AB3B4-DC56-43A7-B8E7-35746ABFF2E4}.Release|Any CPU.ActiveCfg = Release|Any CPU
		{F69AB3B4-DC56-43A7-B8E7-35746ABFF2E4}.Release|Any CPU.Build.0 = Release|Any CPU
		{2FDCB291-DA95-4C08-9A71-16D0C93DB8B3}.Debug|Any CPU.ActiveCfg = Debug|Any CPU
		{2FDCB291-DA95-4C08-9A71-16D0C93DB8B3}.Debug|Any CPU.Build.0 = Debug|Any CPU
		{2FDCB291-DA95-4C08-9A71-16D0C93DB8B3}.Release|Any CPU.ActiveCfg = Release|Any CPU
		{2FDCB291-DA95-4C08-9A71-16D0C93DB8B3}.Release|Any CPU.Build.0 = Release|Any CPU
		{3DDE2619-1A32-46D7-8F13-306932CF0CB6}.Debug|Any CPU.ActiveCfg = Debug|Any CPU
		{3DDE2619-1A32-46D7-8F13-306932CF0CB6}.Debug|Any CPU.Build.0 = Debug|Any CPU
		{3DDE2619-1A32-46D7-8F13-306932CF0CB6}.Release|Any CPU.ActiveCfg = Release|Any CPU
		{3DDE2619-1A32-46D7-8F13-306932CF0CB6}.Release|Any CPU.Build.0 = Release|Any CPU
		{70FE2062-AFCF-4CA6-820C-8F37144E7671}.Debug|Any CPU.ActiveCfg = Debug|Any CPU
		{70FE2062-AFCF-4CA6-820C-8F37144E7671}.Debug|Any CPU.Build.0 = Debug|Any CPU
		{70FE2062-AFCF-4CA6-820C-8F37144E7671}.Release|Any CPU.ActiveCfg = Release|Any CPU
		{70FE2062-AFCF-4CA6-820C-8F37144E7671}.Release|Any CPU.Build.0 = Release|Any CPU
		{A8410C3C-5AEF-4409-BD7A-7C67D336A734}.Debug|Any CPU.ActiveCfg = Debug|Any CPU
		{A8410C3C-5AEF-4409-BD7A-7C67D336A734}.Debug|Any CPU.Build.0 = Debug|Any CPU
		{A8410C3C-5AEF-4409-BD7A-7C67D336A734}.Release|Any CPU.ActiveCfg = Release|Any CPU
		{A8410C3C-5AEF-4409-BD7A-7C67D336A734}.Release|Any CPU.Build.0 = Release|Any CPU
		{9E64F7DC-D33A-4064-B8AE-923AA968D65D}.Debug|Any CPU.ActiveCfg = Debug|Any CPU
		{9E64F7DC-D33A-4064-B8AE-923AA968D65D}.Debug|Any CPU.Build.0 = Debug|Any CPU
		{9E64F7DC-D33A-4064-B8AE-923AA968D65D}.Release|Any CPU.ActiveCfg = Release|Any CPU
		{9E64F7DC-D33A-4064-B8AE-923AA968D65D}.Release|Any CPU.Build.0 = Release|Any CPU
		{49983513-FE25-4534-B095-3D8705A22B34}.Debug|Any CPU.ActiveCfg = Debug|Any CPU
		{49983513-FE25-4534-B095-3D8705A22B34}.Debug|Any CPU.Build.0 = Debug|Any CPU
		{49983513-FE25-4534-B095-3D8705A22B34}.Release|Any CPU.ActiveCfg = Release|Any CPU
		{49983513-FE25-4534-B095-3D8705A22B34}.Release|Any CPU.Build.0 = Release|Any CPU
		{F0D1ADB9-4DFB-46DE-9E50-E8FCC55C214B}.Debug|Any CPU.ActiveCfg = Debug|Any CPU
		{F0D1ADB9-4DFB-46DE-9E50-E8FCC55C214B}.Debug|Any CPU.Build.0 = Debug|Any CPU
		{F0D1ADB9-4DFB-46DE-9E50-E8FCC55C214B}.Release|Any CPU.ActiveCfg = Release|Any CPU
		{F0D1ADB9-4DFB-46DE-9E50-E8FCC55C214B}.Release|Any CPU.Build.0 = Release|Any CPU
		{32EEC292-26AF-402B-88C8-6A6807A87956}.Debug|Any CPU.ActiveCfg = Debug|Any CPU
		{32EEC292-26AF-402B-88C8-6A6807A87956}.Debug|Any CPU.Build.0 = Debug|Any CPU
		{32EEC292-26AF-402B-88C8-6A6807A87956}.Release|Any CPU.ActiveCfg = Release|Any CPU
		{32EEC292-26AF-402B-88C8-6A6807A87956}.Release|Any CPU.Build.0 = Release|Any CPU
		{0382904C-B115-4C5B-ADFF-57BA02B75261}.Debug|Any CPU.ActiveCfg = Debug|Any CPU
		{0382904C-B115-4C5B-ADFF-57BA02B75261}.Debug|Any CPU.Build.0 = Debug|Any CPU
		{0382904C-B115-4C5B-ADFF-57BA02B75261}.Release|Any CPU.ActiveCfg = Release|Any CPU
		{0382904C-B115-4C5B-ADFF-57BA02B75261}.Release|Any CPU.Build.0 = Release|Any CPU
		{25DD59A4-E585-4FCD-9DF3-D01EEA9B2E2F}.Debug|Any CPU.ActiveCfg = Debug|Any CPU
		{25DD59A4-E585-4FCD-9DF3-D01EEA9B2E2F}.Debug|Any CPU.Build.0 = Debug|Any CPU
		{25DD59A4-E585-4FCD-9DF3-D01EEA9B2E2F}.Release|Any CPU.ActiveCfg = Release|Any CPU
		{25DD59A4-E585-4FCD-9DF3-D01EEA9B2E2F}.Release|Any CPU.Build.0 = Release|Any CPU
	EndGlobalSection
	GlobalSection(SolutionProperties) = preSolution
		HideSolutionNode = FALSE
	EndGlobalSection
	GlobalSection(ExtensibilityGlobals) = postSolution
		SolutionGuid = {CDE86F1F-0804-4994-B4B4-B17DE61B388E}
	EndGlobalSection
EndGlobal
