
Microsoft Visual Studio Solution File, Format Version 12.00
# Visual Studio 15
VisualStudioVersion = 15.0.27703.2047
MinimumVisualStudioVersion = 10.0.40219.1
Project("{FAE04EC0-301F-11D3-BF4B-00C04F79EFBC}") = "CentralitaHerencia", "CentralitaHerencia\CentralitaHerencia.csproj", "{312583DA-2053-4220-98FD-D78D979BE032}"
EndProject
Project("{FAE04EC0-301F-11D3-BF4B-00C04F79EFBC}") = "CentralTelefonicaBien", "CentralTelefonicaBien\CentralTelefonicaBien.csproj", "{3F2BF120-6A49-41F0-8E1B-1CEC0025E4A5}"
EndProject
Project("{FAE04EC0-301F-11D3-BF4B-00C04F79EFBC}") = "Central", "Central\Central.csproj", "{D13E9B83-BEEA-4E1E-B5CE-229EC0F3EC6E}"
EndProject
Global
	GlobalSection(SolutionConfigurationPlatforms) = preSolution
		Debug|Any CPU = Debug|Any CPU
		Release|Any CPU = Release|Any CPU
	EndGlobalSection
	GlobalSection(ProjectConfigurationPlatforms) = postSolution
		{312583DA-2053-4220-98FD-D78D979BE032}.Debug|Any CPU.ActiveCfg = Debug|Any CPU
		{312583DA-2053-4220-98FD-D78D979BE032}.Debug|Any CPU.Build.0 = Debug|Any CPU
		{312583DA-2053-4220-98FD-D78D979BE032}.Release|Any CPU.ActiveCfg = Release|Any CPU
		{312583DA-2053-4220-98FD-D78D979BE032}.Release|Any CPU.Build.0 = Release|Any CPU
		{3F2BF120-6A49-41F0-8E1B-1CEC0025E4A5}.Debug|Any CPU.ActiveCfg = Debug|Any CPU
		{3F2BF120-6A49-41F0-8E1B-1CEC0025E4A5}.Debug|Any CPU.Build.0 = Debug|Any CPU
		{3F2BF120-6A49-41F0-8E1B-1CEC0025E4A5}.Release|Any CPU.ActiveCfg = Release|Any CPU
		{3F2BF120-6A49-41F0-8E1B-1CEC0025E4A5}.Release|Any CPU.Build.0 = Release|Any CPU
		{D13E9B83-BEEA-4E1E-B5CE-229EC0F3EC6E}.Debug|Any CPU.ActiveCfg = Debug|Any CPU
		{D13E9B83-BEEA-4E1E-B5CE-229EC0F3EC6E}.Debug|Any CPU.Build.0 = Debug|Any CPU
		{D13E9B83-BEEA-4E1E-B5CE-229EC0F3EC6E}.Release|Any CPU.ActiveCfg = Release|Any CPU
		{D13E9B83-BEEA-4E1E-B5CE-229EC0F3EC6E}.Release|Any CPU.Build.0 = Release|Any CPU
	EndGlobalSection
	GlobalSection(SolutionProperties) = preSolution
		HideSolutionNode = FALSE
	EndGlobalSection
	GlobalSection(ExtensibilityGlobals) = postSolution
		SolutionGuid = {B739A51F-E4B5-476B-96F7-1CDBEC025C7D}
	EndGlobalSection
EndGlobal
